
Microsoft Visual Studio Solution File, Format Version 12.00
# Visual Studio Version 17
VisualStudioVersion = 17.10.35013.160
MinimumVisualStudioVersion = 10.0.40219.1
Project("{FAE04EC0-301F-11D3-BF4B-00C04F79EFBC}") = "E-Commerce-Web-API", "E-Commerce-Web-API\E-Commerce-Web-API.csproj", "{01833A5F-29A6-40AA-B63F-0F6272922FD3}"
EndProject
Project("{FAE04EC0-301F-11D3-BF4B-00C04F79EFBC}") = "E-Commerce-Comun", "E-Commerce-Comun\E-Commerce-Comun.csproj", "{DCE901AC-0E45-46D1-8D99-F079699C1C41}"
EndProject
Project("{FAE04EC0-301F-11D3-BF4B-00C04F79EFBC}") = "E-Commerce-Negocio", "E-Commerce-Negocio\E-Commerce-Negocio.csproj", "{F9B52D5C-832D-4463-BE62-97E97B9FE8AE}"
EndProject
Global
	GlobalSection(SolutionConfigurationPlatforms) = preSolution
		Debug|Any CPU = Debug|Any CPU
		Release|Any CPU = Release|Any CPU
	EndGlobalSection
	GlobalSection(ProjectConfigurationPlatforms) = postSolution
		{01833A5F-29A6-40AA-B63F-0F6272922FD3}.Debug|Any CPU.ActiveCfg = Debug|Any CPU
		{01833A5F-29A6-40AA-B63F-0F6272922FD3}.Debug|Any CPU.Build.0 = Debug|Any CPU
		{01833A5F-29A6-40AA-B63F-0F6272922FD3}.Release|Any CPU.ActiveCfg = Release|Any CPU
		{01833A5F-29A6-40AA-B63F-0F6272922FD3}.Release|Any CPU.Build.0 = Release|Any CPU
		{DCE901AC-0E45-46D1-8D99-F079699C1C41}.Debug|Any CPU.ActiveCfg = Debug|Any CPU
		{DCE901AC-0E45-46D1-8D99-F079699C1C41}.Debug|Any CPU.Build.0 = Debug|Any CPU
		{DCE901AC-0E45-46D1-8D99-F079699C1C41}.Release|Any CPU.ActiveCfg = Release|Any CPU
		{DCE901AC-0E45-46D1-8D99-F079699C1C41}.Release|Any CPU.Build.0 = Release|Any CPU
		{F9B52D5C-832D-4463-BE62-97E97B9FE8AE}.Debug|Any CPU.ActiveCfg = Debug|Any CPU
		{F9B52D5C-832D-4463-BE62-97E97B9FE8AE}.Debug|Any CPU.Build.0 = Debug|Any CPU
		{F9B52D5C-832D-4463-BE62-97E97B9FE8AE}.Release|Any CPU.ActiveCfg = Release|Any CPU
		{F9B52D5C-832D-4463-BE62-97E97B9FE8AE}.Release|Any CPU.Build.0 = Release|Any CPU
	EndGlobalSection
	GlobalSection(SolutionProperties) = preSolution
		HideSolutionNode = FALSE
	EndGlobalSection
	GlobalSection(ExtensibilityGlobals) = postSolution
		SolutionGuid = {5F822190-8F55-4546-B36F-A0424734886F}
	EndGlobalSection
EndGlobal
